
Microsoft Visual Studio Solution File, Format Version 12.00
# Visual Studio Version 16
VisualStudioVersion = 16.0.31129.286
MinimumVisualStudioVersion = 10.0.40219.1
Project("{9A19103F-16F7-4668-BE54-9A1E7A4F7556}") = "JobManagementAspBlazor", "JobManagementAspBlazor\JobManagementAspBlazor.csproj", "{77648700-5403-4D05-850F-D1DF5B4EC307}"
EndProject
Global
	GlobalSection(SolutionConfigurationPlatforms) = preSolution
		Debug|Any CPU = Debug|Any CPU
		Release|Any CPU = Release|Any CPU
	EndGlobalSection
	GlobalSection(ProjectConfigurationPlatforms) = postSolution
		{77648700-5403-4D05-850F-D1DF5B4EC307}.Debug|Any CPU.ActiveCfg = Debug|Any CPU
		{77648700-5403-4D05-850F-D1DF5B4EC307}.Debug|Any CPU.Build.0 = Debug|Any CPU
		{77648700-5403-4D05-850F-D1DF5B4EC307}.Release|Any CPU.ActiveCfg = Release|Any CPU
		{77648700-5403-4D05-850F-D1DF5B4EC307}.Release|Any CPU.Build.0 = Release|Any CPU
	EndGlobalSection
	GlobalSection(SolutionProperties) = preSolution
		HideSolutionNode = FALSE
	EndGlobalSection
	GlobalSection(ExtensibilityGlobals) = postSolution
		SolutionGuid = {F9990A8B-6C98-4BCF-9964-E701B1D338EC}
	EndGlobalSection
EndGlobal
